
Microsoft Visual Studio Solution File, Format Version 12.00
# Visual Studio 15
VisualStudioVersion = 15.0.27130.2010
MinimumVisualStudioVersion = 10.0.40219.1
Project("{FAE04EC0-301F-11D3-BF4B-00C04F79EFBC}") = "test_app1", "test_app1\test_app1.csproj", "{F7F294A5-CFEF-4E33-94C0-0861E2711E11}"
EndProject
Global
	GlobalSection(SolutionConfigurationPlatforms) = preSolution
		Debug|Any CPU = Debug|Any CPU
		Release|Any CPU = Release|Any CPU
	EndGlobalSection
	GlobalSection(ProjectConfigurationPlatforms) = postSolution
		{F7F294A5-CFEF-4E33-94C0-0861E2711E11}.Debug|Any CPU.ActiveCfg = Debug|Any CPU
		{F7F294A5-CFEF-4E33-94C0-0861E2711E11}.Debug|Any CPU.Build.0 = Debug|Any CPU
		{F7F294A5-CFEF-4E33-94C0-0861E2711E11}.Release|Any CPU.ActiveCfg = Release|Any CPU
		{F7F294A5-CFEF-4E33-94C0-0861E2711E11}.Release|Any CPU.Build.0 = Release|Any CPU
	EndGlobalSection
	GlobalSection(SolutionProperties) = preSolution
		HideSolutionNode = FALSE
	EndGlobalSection
	GlobalSection(ExtensibilityGlobals) = postSolution
		SolutionGuid = {C209B366-27C9-4C88-857F-94C77770EB55}
	EndGlobalSection
EndGlobal
